// !$*UTF8*$!
{
	archiveVersion = 1;
	classes = {
	};
	objectVersion = 46;
	objects = {

/* Begin PBXBuildFile section */
		6339F30B1CBC48500005B4D1 /* Makefile in Sources */ = {isa = PBXBuildFile; fileRef = 6339F3071CBC48500005B4D1 /* Makefile */; };
/* End PBXBuildFile section */

/* Begin PBXCopyFilesBuildPhase section */
		63E9E9591CB7FAFA0049982D /* CopyFiles */ = {
			isa = PBXCopyFilesBuildPhase;
			buildActionMask = 2147483647;
			dstPath = "include/$(PRODUCT_NAME)";
			dstSubfolderSpec = 16;
			files = (
			);
			runOnlyForDeploymentPostprocessing = 0;
		};
/* End PBXCopyFilesBuildPhase section */

/* Begin PBXFileReference section */
		6339F3071CBC48500005B4D1 /* Makefile */ = {isa = PBXFileReference; fileEncoding = 4; lastKnownFileType = sourcecode.make; path = Makefile; sourceTree = "<group>"; };
		6339F3081CBC48500005B4D1 /* pre-build_debug.sh */ = {isa = PBXFileReference; fileEncoding = 4; lastKnownFileType = text.script.sh; path = "pre-build_debug.sh"; sourceTree = "<group>"; };
		6339F3091CBC48500005B4D1 /* pre-build_release.sh */ = {isa = PBXFileReference; fileEncoding = 4; lastKnownFileType = text.script.sh; path = "pre-build_release.sh"; sourceTree = "<group>"; };
		6339F30A1CBC48500005B4D1 /* targets */ = {isa = PBXFileReference; lastKnownFileType = folder; path = targets; sourceTree = "<group>"; };
		63AF046C1CEF7D5400030CF2 /* c.h */ = {isa = PBXFileReference; fileEncoding = 4; lastKnownFileType = sourcecode.c.h; path = c.h; sourceTree = "<group>"; };
		63AF046D1CEF7D5400030CF2 /* cache.h */ = {isa = PBXFileReference; fileEncoding = 4; lastKnownFileType = sourcecode.c.h; path = cache.h; sourceTree = "<group>"; };
		63AF046E1CEF7D5400030CF2 /* comparator.h */ = {isa = PBXFileReference; fileEncoding = 4; lastKnownFileType = sourcecode.c.h; path = comparator.h; sourceTree = "<group>"; };
		63AF046F1CEF7D5400030CF2 /* db */ = {isa = PBXFileReference; lastKnownFileType = folder; path = db; sourceTree = "<group>"; };
		63AF04701CEF7D5400030CF2 /* db.h */ = {isa = PBXFileReference; fileEncoding = 4; lastKnownFileType = sourcecode.c.h; path = db.h; sourceTree = "<group>"; };
		63AF04711CEF7D5400030CF2 /* dumpfile.h */ = {isa = PBXFileReference; fileEncoding = 4; lastKnownFileType = sourcecode.c.h; path = dumpfile.h; sourceTree = "<group>"; };
		63AF04721CEF7D5400030CF2 /* env.h */ = {isa = PBXFileReference; fileEncoding = 4; lastKnownFileType = sourcecode.c.h; path = env.h; sourceTree = "<group>"; };
		63AF04731CEF7D5400030CF2 /* filter_policy.h */ = {isa = PBXFileReference; fileEncoding = 4; lastKnownFileType = sourcecode.c.h; path = filter_policy.h; sourceTree = "<group>"; };
		63AF04741CEF7D5400030CF2 /* iterator.h */ = {isa = PBXFileReference; fileEncoding = 4; lastKnownFileType = sourcecode.c.h; path = iterator.h; sourceTree = "<group>"; };
		63AF04751CEF7D5400030CF2 /* LICENSE */ = {isa = PBXFileReference; fileEncoding = 4; lastKnownFileType = text; path = LICENSE; sourceTree = "<group>"; };
		63AF04761CEF7D5400030CF2 /* Makefile-bac */ = {isa = PBXFileReference; fileEncoding = 4; lastKnownFileType = text; path = "Makefile-bac"; sourceTree = "<group>"; };
		63AF04771CEF7D5400030CF2 /* options.h */ = {isa = PBXFileReference; fileEncoding = 4; lastKnownFileType = sourcecode.c.h; path = options.h; sourceTree = "<group>"; };
		63AF04781CEF7D5400030CF2 /* slice.h */ = {isa = PBXFileReference; fileEncoding = 4; lastKnownFileType = sourcecode.c.h; path = slice.h; sourceTree = "<group>"; };
		63AF04791CEF7D5400030CF2 /* status.h */ = {isa = PBXFileReference; fileEncoding = 4; lastKnownFileType = sourcecode.c.h; path = status.h; sourceTree = "<group>"; };
		63AF047A1CEF7D5400030CF2 /* table */ = {isa = PBXFileReference; lastKnownFileType = folder; path = table; sourceTree = "<group>"; };
		63AF047B1CEF7D5400030CF2 /* table_builder.h */ = {isa = PBXFileReference; fileEncoding = 4; lastKnownFileType = sourcecode.c.h; path = table_builder.h; sourceTree = "<group>"; };
		63AF047C1CEF7D5400030CF2 /* table.h */ = {isa = PBXFileReference; fileEncoding = 4; lastKnownFileType = sourcecode.c.h; path = table.h; sourceTree = "<group>"; };
		63AF047D1CEF7D5400030CF2 /* util */ = {isa = PBXFileReference; lastKnownFileType = folder; path = util; sourceTree = "<group>"; };
		63AF047E1CEF7D5400030CF2 /* write_batch.h */ = {isa = PBXFileReference; fileEncoding = 4; lastKnownFileType = sourcecode.c.h; path = write_batch.h; sourceTree = "<group>"; };
		63E9E95B1CB7FAFA0049982D /* libleveldb.a */ = {isa = PBXFileReference; explicitFileType = archive.ar; includeInIndex = 0; path = libleveldb.a; sourceTree = BUILT_PRODUCTS_DIR; };
/* End PBXFileReference section */

/* Begin PBXFrameworksBuildPhase section */
		63E9E9581CB7FAFA0049982D /* Frameworks */ = {
			isa = PBXFrameworksBuildPhase;
			buildActionMask = 2147483647;
			files = (
			);
			runOnlyForDeploymentPostprocessing = 0;
		};
/* End PBXFrameworksBuildPhase section */

/* Begin PBXGroup section */
		63E9E9521CB7FAFA0049982D = {
			isa = PBXGroup;
			children = (
				63AF046C1CEF7D5400030CF2 /* c.h */,
				63AF046D1CEF7D5400030CF2 /* cache.h */,
				63AF046E1CEF7D5400030CF2 /* comparator.h */,
				63AF046F1CEF7D5400030CF2 /* db */,
				63AF04701CEF7D5400030CF2 /* db.h */,
				63AF04711CEF7D5400030CF2 /* dumpfile.h */,
				63AF04721CEF7D5400030CF2 /* env.h */,
				63AF04731CEF7D5400030CF2 /* filter_policy.h */,
				63AF04741CEF7D5400030CF2 /* iterator.h */,
				63AF04751CEF7D5400030CF2 /* LICENSE */,
				63AF04761CEF7D5400030CF2 /* Makefile-bac */,
				63AF04771CEF7D5400030CF2 /* options.h */,
				63AF04781CEF7D5400030CF2 /* slice.h */,
				63AF04791CEF7D5400030CF2 /* status.h */,
				63AF047A1CEF7D5400030CF2 /* table */,
				63AF047B1CEF7D5400030CF2 /* table_builder.h */,
				63AF047C1CEF7D5400030CF2 /* table.h */,
				63AF047D1CEF7D5400030CF2 /* util */,
				63AF047E1CEF7D5400030CF2 /* write_batch.h */,
				6339F3071CBC48500005B4D1 /* Makefile */,
				6339F3081CBC48500005B4D1 /* pre-build_debug.sh */,
				6339F3091CBC48500005B4D1 /* pre-build_release.sh */,
				6339F30A1CBC48500005B4D1 /* targets */,
				63E9E95C1CB7FAFA0049982D /* Products */,
			);
			sourceTree = "<group>";
		};
		63E9E95C1CB7FAFA0049982D /* Products */ = {
			isa = PBXGroup;
			children = (
				63E9E95B1CB7FAFA0049982D /* libleveldb.a */,
			);
			name = Products;
			sourceTree = "<group>";
		};
/* End PBXGroup section */

/* Begin PBXNativeTarget section */
		63E9E95A1CB7FAFA0049982D /* leveldb */ = {
			isa = PBXNativeTarget;
			buildConfigurationList = 63E9E9641CB7FAFA0049982D /* Build configuration list for PBXNativeTarget "leveldb" */;
			buildPhases = (
				63E9E9571CB7FAFA0049982D /* Sources */,
				63E9E9581CB7FAFA0049982D /* Frameworks */,
				63E9E9591CB7FAFA0049982D /* CopyFiles */,
			);
			buildRules = (
			);
			dependencies = (
			);
			name = leveldb;
			productName = RengoFoundation;
			productReference = 63E9E95B1CB7FAFA0049982D /* libleveldb.a */;
			productType = "com.apple.product-type.library.static";
		};
/* End PBXNativeTarget section */

/* Begin PBXProject section */
		63E9E9531CB7FAFA0049982D /* Project object */ = {
			isa = PBXProject;
			attributes = {
				LastUpgradeCheck = 0730;
				ORGANIZATIONNAME = Ayesha;
				TargetAttributes = {
					63E9E95A1CB7FAFA0049982D = {
						CreatedOnToolsVersion = 7.3;
					};
				};
			};
			buildConfigurationList = 63E9E9561CB7FAFA0049982D /* Build configuration list for PBXProject "leveldb" */;
			compatibilityVersion = "Xcode 3.2";
			developmentRegion = English;
			hasScannedForEncodings = 0;
			knownRegions = (
				en,
			);
			mainGroup = 63E9E9521CB7FAFA0049982D;
			productRefGroup = 63E9E95C1CB7FAFA0049982D /* Products */;
			projectDirPath = "";
			projectRoot = "";
			targets = (
				63E9E95A1CB7FAFA0049982D /* leveldb */,
			);
		};
/* End PBXProject section */

/* Begin PBXSourcesBuildPhase section */
		63E9E9571CB7FAFA0049982D /* Sources */ = {
			isa = PBXSourcesBuildPhase;
			buildActionMask = 2147483647;
			files = (
				6339F30B1CBC48500005B4D1 /* Makefile in Sources */,
			);
			runOnlyForDeploymentPostprocessing = 0;
		};
/* End PBXSourcesBuildPhase section */

/* Begin XCBuildConfiguration section */
		63E9E9621CB7FAFA0049982D /* Debug */ = {
			isa = XCBuildConfiguration;
			buildSettings = {
				ALWAYS_SEARCH_USER_PATHS = NO;
				CLANG_ANALYZER_NONNULL = YES;
				CLANG_CXX_LANGUAGE_STANDARD = "gnu++0x";
				CLANG_CXX_LIBRARY = "libc++";
				CLANG_ENABLE_MODULES = YES;
				CLANG_ENABLE_OBJC_ARC = YES;
				CLANG_WARN_BOOL_CONVERSION = YES;
				CLANG_WARN_CONSTANT_CONVERSION = YES;
				CLANG_WARN_DIRECT_OBJC_ISA_USAGE = YES_ERROR;
				CLANG_WARN_EMPTY_BODY = YES;
				CLANG_WARN_ENUM_CONVERSION = YES;
				CLANG_WARN_INT_CONVERSION = YES;
				CLANG_WARN_OBJC_ROOT_CLASS = YES_ERROR;
				CLANG_WARN_UNREACHABLE_CODE = YES;
				CLANG_WARN__DUPLICATE_METHOD_MATCH = YES;
				"CODE_SIGN_IDENTITY[sdk=iphoneos*]" = "iPhone Developer";
				COPY_PHASE_STRIP = NO;
				DEBUG_INFORMATION_FORMAT = dwarf;
				ENABLE_STRICT_OBJC_MSGSEND = YES;
				ENABLE_TESTABILITY = YES;
				GCC_C_LANGUAGE_STANDARD = gnu99;
				GCC_DYNAMIC_NO_PIC = NO;
				GCC_NO_COMMON_BLOCKS = YES;
				GCC_OPTIMIZATION_LEVEL = 0;
				GCC_PREPROCESSOR_DEFINITIONS = (
					"DEBUG=1",
					"$(inherited)",
				);
				GCC_WARN_64_TO_32_BIT_CONVERSION = YES;
				GCC_WARN_ABOUT_RETURN_TYPE = YES_ERROR;
				GCC_WARN_UNDECLARED_SELECTOR = YES;
				GCC_WARN_UNINITIALIZED_AUTOS = YES_AGGRESSIVE;
				GCC_WARN_UNUSED_FUNCTION = YES;
				GCC_WARN_UNUSED_VARIABLE = YES;
				IPHONEOS_DEPLOYMENT_TARGET = 9.3;
				MTL_ENABLE_DEBUG_INFO = YES;
				ONLY_ACTIVE_ARCH = YES;
				SDKROOT = iphoneos;
			};
			name = Debug;
		};
		63E9E9631CB7FAFA0049982D /* Release */ = {
			isa = XCBuildConfiguration;
			buildSettings = {
				ALWAYS_SEARCH_USER_PATHS = NO;
				CLANG_ANALYZER_NONNULL = YES;
				CLANG_CXX_LANGUAGE_STANDARD = "gnu++0x";
				CLANG_CXX_LIBRARY = "libc++";
				CLANG_ENABLE_MODULES = YES;
				CLANG_ENABLE_OBJC_ARC = YES;
				CLANG_WARN_BOOL_CONVERSION = YES;
				CLANG_WARN_CONSTANT_CONVERSION = YES;
				CLANG_WARN_DIRECT_OBJC_ISA_USAGE = YES_ERROR;
				CLANG_WARN_EMPTY_BODY = YES;
				CLANG_WARN_ENUM_CONVERSION = YES;
				CLANG_WARN_INT_CONVERSION = YES;
				CLANG_WARN_OBJC_ROOT_CLASS = YES_ERROR;
				CLANG_WARN_UNREACHABLE_CODE = YES;
				CLANG_WARN__DUPLICATE_METHOD_MATCH = YES;
				"CODE_SIGN_IDENTITY[sdk=iphoneos*]" = "iPhone Developer";
				COPY_PHASE_STRIP = NO;
				DEBUG_INFORMATION_FORMAT = "dwarf-with-dsym";
				ENABLE_NS_ASSERTIONS = NO;
				ENABLE_STRICT_OBJC_MSGSEND = YES;
				GCC_C_LANGUAGE_STANDARD = gnu99;
				GCC_NO_COMMON_BLOCKS = YES;
				GCC_WARN_64_TO_32_BIT_CONVERSION = YES;
				GCC_WARN_ABOUT_RETURN_TYPE = YES_ERROR;
				GCC_WARN_UNDECLARED_SELECTOR = YES;
				GCC_WARN_UNINITIALIZED_AUTOS = YES_AGGRESSIVE;
				GCC_WARN_UNUSED_FUNCTION = YES;
				GCC_WARN_UNUSED_VARIABLE = YES;
				IPHONEOS_DEPLOYMENT_TARGET = 9.3;
				MTL_ENABLE_DEBUG_INFO = NO;
				SDKROOT = iphoneos;
				VALIDATE_PRODUCT = YES;
			};
			name = Release;
		};
		63E9E9651CB7FAFA0049982D /* Debug */ = {
			isa = XCBuildConfiguration;
			buildSettings = {
				CLANG_ENABLE_OBJC_ARC = NO;
				HEADER_SEARCH_PATHS = ../;
				OTHER_LDFLAGS = "-ObjC";
				PRODUCT_NAME = "$(TARGET_NAME)";
				PUBLIC_HEADERS_FOLDER_PATH = /user/local/include;
				SKIP_INSTALL = YES;
			};
			name = Debug;
		};
		63E9E9661CB7FAFA0049982D /* Release */ = {
			isa = XCBuildConfiguration;
			buildSettings = {
				CLANG_ENABLE_OBJC_ARC = NO;
				HEADER_SEARCH_PATHS = ../;
				OTHER_LDFLAGS = "-ObjC";
				PRODUCT_NAME = "$(TARGET_NAME)";
				PUBLIC_HEADERS_FOLDER_PATH = /user/local/include;
				SKIP_INSTALL = YES;
			};
			name = Release;
		};
/* End XCBuildConfiguration section */

/* Begin XCConfigurationList section */
		63E9E9561CB7FAFA0049982D /* Build configuration list for PBXProject "leveldb" */ = {
			isa = XCConfigurationList;
			buildConfigurations = (
				63E9E9621CB7FAFA0049982D /* Debug */,
				63E9E9631CB7FAFA0049982D /* Release */,
			);
			defaultConfigurationIsVisible = 0;
			defaultConfigurationName = Release;
		};
		63E9E9641CB7FAFA0049982D /* Build configuration list for PBXNativeTarget "leveldb" */ = {
			isa = XCConfigurationList;
			buildConfigurations = (
				63E9E9651CB7FAFA0049982D /* Debug */,
				63E9E9661CB7FAFA0049982D /* Release */,
			);
			defaultConfigurationIsVisible = 0;
			defaultConfigurationName = Release;
		};
/* End XCConfigurationList section */
	};
	rootObject = 63E9E9531CB7FAFA0049982D /* Project object */;
}
